github.com/arfian-rp/go-sayhello v1.0.0 h1:7BznZizlcbSLU0vVJtg36Kg1G5E8ZVq2fVfWwDmEwRU=
github.com/arfian-rp/go-sayhello v1.0.0/go.mod h1:kltSQciNQXUDfksmT1ziljc67DLq4KYcdu9WxXipI20=
github.com/arfian-rp/go-sayhello v1.5.0 h1:Pu2NgobXh3gJsAArZ2QOYJMfZanA9CM4Az+VsPbLT7U=
github.com/arfian-rp/go-sayhello v1.5.0/go.mod h1:kltSQciNQXUDfksmT1ziljc67DLq4KYcdu9WxXipI20=
github.com/arfian-rp/go-sayhello/v2 v2.0.0 h1:zb3l+FUzVUl8gxOj+2SoPQCG5JOI5TwJSYbPxXQ/UVY=
github.com/arfian-rp/go-sayhello/v2 v2.0.0/go.mod h1:pOgO3AeW8K552bw+CTe3EdXhuasJVocfahx52Y//z90=
